
Microsoft Visual Studio Solution File, Format Version 12.00
# Visual Studio Version 16
VisualStudioVersion = 16.0.31129.286
MinimumVisualStudioVersion = 10.0.40219.1
Project("{9A19103F-16F7-4668-BE54-9A1E7A4F7556}") = "AppStudents", "AppStudents\AppStudents.csproj", "{93B331CC-A0E1-4065-8C35-E3CED3737364}"
EndProject
Project("{FAE04EC0-301F-11D3-BF4B-00C04F79EFBC}") = "DataAccess", "DataAccess\DataAccess.csproj", "{A1A6517D-8162-40ED-91CF-232002BF47DD}"
EndProject
Global
	GlobalSection(SolutionConfigurationPlatforms) = preSolution
		Debug|Any CPU = Debug|Any CPU
		Release|Any CPU = Release|Any CPU
	EndGlobalSection
	GlobalSection(ProjectConfigurationPlatforms) = postSolution
		{93B331CC-A0E1-4065-8C35-E3CED3737364}.Debug|Any CPU.ActiveCfg = Debug|Any CPU
		{93B331CC-A0E1-4065-8C35-E3CED3737364}.Debug|Any CPU.Build.0 = Debug|Any CPU
		{93B331CC-A0E1-4065-8C35-E3CED3737364}.Release|Any CPU.ActiveCfg = Release|Any CPU
		{93B331CC-A0E1-4065-8C35-E3CED3737364}.Release|Any CPU.Build.0 = Release|Any CPU
		{A1A6517D-8162-40ED-91CF-232002BF47DD}.Debug|Any CPU.ActiveCfg = Debug|Any CPU
		{A1A6517D-8162-40ED-91CF-232002BF47DD}.Debug|Any CPU.Build.0 = Debug|Any CPU
		{A1A6517D-8162-40ED-91CF-232002BF47DD}.Release|Any CPU.ActiveCfg = Release|Any CPU
		{A1A6517D-8162-40ED-91CF-232002BF47DD}.Release|Any CPU.Build.0 = Release|Any CPU
	EndGlobalSection
	GlobalSection(SolutionProperties) = preSolution
		HideSolutionNode = FALSE
	EndGlobalSection
	GlobalSection(ExtensibilityGlobals) = postSolution
		SolutionGuid = {788CC317-C89B-47D9-B009-EC0FC72EDB4E}
	EndGlobalSection
EndGlobal
